<?xml version="1.0" encoding="utf-8"?>
<Project ToolsVersion="4.0" xmlns="http://schemas.microsoft.com/developer/msbuild/2003">
  <ItemGroup>
    <Filter Include="Source Files">
      <UniqueIdentifier>{4FC737F1-C7A5-4376-A066-2A32D752A2FF}</UniqueIdentifier>
      <Extensions>cpp;c;cc;cxx;c++;cppm;ixx;def;odl;idl;hpj;bat;asm;asmx</Extensions>
    </Filter>
    <Filter Include="Header Files">
      <UniqueIdentifier>{93995380-89BD-4b04-88EB-625FBE52EBFB}</UniqueIdentifier>
      <Extensions>h;hh;hpp;hxx;h++;hm;inl;inc;ipp;xsd</Extensions>
    </Filter>
    <Filter Include="Resource Files">
      <UniqueIdentifier>{67DA6AB6-F800-4c08-8B7A-83BB121AAD01}</UniqueIdentifier>
      <Extensions>rc;ico;cur;bmp;dlg;rc2;rct;bin;rgs;gif;jpg;jpeg;jpe;resx;tiff;tif;png;wav;mfcribbon-ms</Extensions>
    </Filter>
  </ItemGroup>
  <ItemGroup>
    <ClCompile Include="MainForm.cpp">
      <Filter>Source Files</Filter>
    </ClCompile>
    <ClCompile Include="Ball.cpp">
      <Filter>Source Files</Filter>
    </ClCompile>
    <ClCompile Include="Manager.cpp">
      <Filter>Source Files</Filter>
    </ClCompile>
    <ClCompile Include="Vector2.cpp">
      <Filter>Source Files</Filter>
    </ClCompile>
    <ClCompile Include="Mover.cpp">
      <Filter>Source Files</Filter>
    </ClCompile>
    <ClCompile Include="Rotator.cpp">
      <Filter>Source Files</Filter>
    </ClCompile>
    <ClCompile Include="Triangle.cpp">
      <Filter>Source Files</Filter>
    </ClCompile>
    <ClCompile Include="IFigure.cpp">
      <Filter>Header Files</Filter>
    </ClCompile>
    <ClCompile Include="Square.cpp">
      <Filter>Source Files</Filter>
    </ClCompile>
    <ClCompile Include="Star.cpp">
      <Filter>Source Files</Filter>
    </ClCompile>
    <ClCompile Include="Explosion.cpp">
      <Filter>Source Files</Filter>
    </ClCompile>
    <ClCompile Include="HeroAssets.cpp">
      <Filter>Source Files</Filter>
    </ClCompile>
    <ClCompile Include="GameCreature.cpp">
      <Filter>Source Files</Filter>
    </ClCompile>
    <ClCompile Include="Monster.cpp">
      <Filter>Source Files</Filter>
    </ClCompile>
    <ClCompile Include="Hunter.cpp">
      <Filter>Source Files</Filter>
    </ClCompile>
    <ClCompile Include="Bullet.cpp">
      <Filter>Source Files</Filter>
    </ClCompile>
    <ClCompile Include="Consumable.cpp">
      <Filter>Source Files</Filter>
    </ClCompile>
    <ClCompile Include="AmmoPack.cpp">
      <Filter>Source Files</Filter>
    </ClCompile>
    <ClCompile Include="LifePoints.cpp">
      <Filter>Source Files</Filter>
    </ClCompile>
  </ItemGroup>
  <ItemGroup>
    <ClInclude Include="MainForm.h">
      <Filter>Header Files</Filter>
    </ClInclude>
    <ClInclude Include="Ball.h">
      <Filter>Header Files</Filter>
    </ClInclude>
    <ClInclude Include="Manager.h">
      <Filter>Header Files</Filter>
    </ClInclude>
    <ClInclude Include="Vector2.h">
      <Filter>Header Files</Filter>
    </ClInclude>
    <ClInclude Include="IFigure.h">
      <Filter>Header Files</Filter>
    </ClInclude>
    <ClInclude Include="Mover.h">
      <Filter>Header Files</Filter>
    </ClInclude>
    <ClInclude Include="Rotator.h">
      <Filter>Header Files</Filter>
    </ClInclude>
    <ClInclude Include="Triangle.h">
      <Filter>Header Files</Filter>
    </ClInclude>
    <ClInclude Include="Square.h">
      <Filter>Header Files</Filter>
    </ClInclude>
    <ClInclude Include="Star.h">
      <Filter>Header Files</Filter>
    </ClInclude>
    <ClInclude Include="Explosion.h">
      <Filter>Header Files</Filter>
    </ClInclude>
    <ClInclude Include="Pictures.h">
      <Filter>Header Files</Filter>
    </ClInclude>
    <ClInclude Include="resource.h">
      <Filter>Header Files</Filter>
    </ClInclude>
    <ClInclude Include="HeroAssets.h">
      <Filter>Header Files</Filter>
    </ClInclude>
    <ClInclude Include="GameCreature.h">
      <Filter>Header Files</Filter>
    </ClInclude>
    <ClInclude Include="Monster.h">
      <Filter>Header Files</Filter>
    </ClInclude>
    <ClInclude Include="Hunter.h">
      <Filter>Header Files</Filter>
    </ClInclude>
    <ClInclude Include="Bullet.h">
      <Filter>Header Files</Filter>
    </ClInclude>
    <ClInclude Include="Consumable.h">
      <Filter>Header Files</Filter>
    </ClInclude>
    <ClInclude Include="AmmoPack.h">
      <Filter>Header Files</Filter>
    </ClInclude>
    <ClInclude Include="LifePoints.h">
      <Filter>Header Files</Filter>
    </ClInclude>
  </ItemGroup>
  <ItemGroup>
    <EmbeddedResource Include="Pictures.resx">
      <Filter>Resource Files</Filter>
    </EmbeddedResource>
  </ItemGroup>
  <ItemGroup>
    <Image Include="..\..\..\Downloads\assets\craftpix-net-484869-free-minotaur-tiny-style-2d-sprites\PNG\Minotaur_01\PNG Sequences\Walking\Minotaur_01_Walking_0.png">
      <Filter>Resource Files</Filter>
    </Image>
    <Image Include="..\..\..\Downloads\assets\craftpix-net-484869-free-minotaur-tiny-style-2d-sprites\PNG\Minotaur_01\PNG Sequences\Walking\Minotaur_01_Walking_1.png">
      <Filter>Resource Files</Filter>
    </Image>
    <Image Include="..\..\..\Downloads\assets\craftpix-net-484869-free-minotaur-tiny-style-2d-sprites\PNG\Minotaur_01\PNG Sequences\Walking\Minotaur_01_Walking_2.png">
      <Filter>Resource Files</Filter>
    </Image>
    <Image Include="..\..\..\Downloads\assets\craftpix-net-484869-free-minotaur-tiny-style-2d-sprites\PNG\Minotaur_01\PNG Sequences\Walking\Minotaur_01_Walking_3.png">
      <Filter>Resource Files</Filter>
    </Image>
    <Image Include="..\..\..\Downloads\assets\craftpix-net-484869-free-minotaur-tiny-style-2d-sprites\PNG\Minotaur_01\PNG Sequences\Walking\Minotaur_01_Walking_4.png">
      <Filter>Resource Files</Filter>
    </Image>
    <Image Include="..\..\..\Downloads\assets\craftpix-net-484869-free-minotaur-tiny-style-2d-sprites\PNG\Minotaur_01\PNG Sequences\Walking\Minotaur_01_Walking_6.png">
      <Filter>Resource Files</Filter>
    </Image>
    <Image Include="..\..\..\Downloads\assets\craftpix-net-484869-free-minotaur-tiny-style-2d-sprites\PNG\Minotaur_01\PNG Sequences\Walking\Minotaur_01_Walking_5.png">
      <Filter>Resource Files</Filter>
    </Image>
    <Image Include="..\..\..\Downloads\assets\craftpix-net-484869-free-minotaur-tiny-style-2d-sprites\PNG\Minotaur_01\PNG Sequences\Walking\Minotaur_01_Walking_7.png">
      <Filter>Resource Files</Filter>
    </Image>
    <Image Include="..\..\..\Downloads\assets\craftpix-net-484869-free-minotaur-tiny-style-2d-sprites\PNG\Minotaur_01\PNG Sequences\Walking\Minotaur_01_Walking_8.png">
      <Filter>Resource Files</Filter>
    </Image>
    <Image Include="..\..\..\Downloads\assets\craftpix-net-484869-free-minotaur-tiny-style-2d-sprites\PNG\Minotaur_01\PNG Sequences\Walking\Minotaur_01_Walking_9.png">
      <Filter>Resource Files</Filter>
    </Image>
    <Image Include="..\..\..\Downloads\assets\craftpix-net-484869-free-minotaur-tiny-style-2d-sprites\PNG\Minotaur_01\PNG Sequences\Walking\Minotaur_01_Walking_10.png">
      <Filter>Resource Files</Filter>
    </Image>
    <Image Include="..\..\..\Downloads\assets\craftpix-net-484869-free-minotaur-tiny-style-2d-sprites\PNG\Minotaur_01\PNG Sequences\Walking\Minotaur_01_Walking_11.png">
      <Filter>Resource Files</Filter>
    </Image>
    <Image Include="..\..\..\Downloads\assets\craftpix-net-484869-free-minotaur-tiny-style-2d-sprites\PNG\Minotaur_01\PNG Sequences\Walking\Minotaur_01_Walking_12.png">
      <Filter>Resource Files</Filter>
    </Image>
    <Image Include="..\..\..\Downloads\assets\craftpix-net-484869-free-minotaur-tiny-style-2d-sprites\PNG\Minotaur_01\PNG Sequences\Walking\Minotaur_01_Walking_13.png">
      <Filter>Resource Files</Filter>
    </Image>
    <Image Include="..\..\..\Downloads\assets\craftpix-net-484869-free-minotaur-tiny-style-2d-sprites\PNG\Minotaur_01\PNG Sequences\Walking\Minotaur_01_Walking_14.png">
      <Filter>Resource Files</Filter>
    </Image>
    <Image Include="..\..\..\Downloads\assets\craftpix-net-484869-free-minotaur-tiny-style-2d-sprites\PNG\Minotaur_01\PNG Sequences\Walking\Minotaur_01_Walking_15.png">
      <Filter>Resource Files</Filter>
    </Image>
    <Image Include="..\..\..\Downloads\assets\craftpix-net-484869-free-minotaur-tiny-style-2d-sprites\PNG\Minotaur_01\PNG Sequences\Walking\Minotaur_01_Walking_16.png">
      <Filter>Resource Files</Filter>
    </Image>
    <Image Include="..\..\..\Downloads\assets\craftpix-net-484869-free-minotaur-tiny-style-2d-sprites\PNG\Minotaur_01\PNG Sequences\Walking\Minotaur_01_Walking_17.png">
      <Filter>Resource Files</Filter>
    </Image>
    <Image Include="..\..\..\Downloads\assets\craftpix-901180-free-2d-pirate-character-sprites\PNG\2\walk\Pirate_Walking_0.png">
      <Filter>Resource Files</Filter>
    </Image>
    <Image Include="..\..\..\Downloads\assets\craftpix-901180-free-2d-pirate-character-sprites\PNG\2\walk\Pirate_Walking_1.png">
      <Filter>Resource Files</Filter>
    </Image>
    <Image Include="..\..\..\Downloads\assets\craftpix-901180-free-2d-pirate-character-sprites\PNG\2\walk\Pirate_Walking_2.png">
      <Filter>Resource Files</Filter>
    </Image>
    <Image Include="..\..\..\Downloads\assets\craftpix-901180-free-2d-pirate-character-sprites\PNG\2\walk\Pirate_Walking_3.png">
      <Filter>Resource Files</Filter>
    </Image>
    <Image Include="..\..\..\Downloads\assets\craftpix-901180-free-2d-pirate-character-sprites\PNG\2\walk\Pirate_Walking_4.png">
      <Filter>Resource Files</Filter>
    </Image>
    <Image Include="..\..\..\Downloads\assets\craftpix-901180-free-2d-pirate-character-sprites\PNG\2\walk\Pirate_Walking_5.png">
      <Filter>Resource Files</Filter>
    </Image>
    <Image Include="..\..\..\Downloads\assets\craftpix-901180-free-2d-pirate-character-sprites\PNG\2\walk\Pirate_Walking_6.png">
      <Filter>Resource Files</Filter>
    </Image>
    <Image Include="..\..\..\Downloads\assets\craftpix-901180-free-2d-pirate-character-sprites\PNG\2\idle\Pirate_Idle_0.png">
      <Filter>Resource Files</Filter>
    </Image>
    <Image Include="..\..\..\Downloads\assets\craftpix-901180-free-2d-pirate-character-sprites\PNG\2\idle\Pirate_Idle_1.png">
      <Filter>Resource Files</Filter>
    </Image>
    <Image Include="..\..\..\Downloads\assets\craftpix-901180-free-2d-pirate-character-sprites\PNG\2\idle\Pirate_Idle_2.png">
      <Filter>Resource Files</Filter>
    </Image>
    <Image Include="..\..\..\Downloads\assets\craftpix-901180-free-2d-pirate-character-sprites\PNG\2\idle\Pirate_Idle_3.png">
      <Filter>Resource Files</Filter>
    </Image>
    <Image Include="..\..\..\Downloads\assets\craftpix-901180-free-2d-pirate-character-sprites\PNG\2\idle\Pirate_Idle_4.png">
      <Filter>Resource Files</Filter>
    </Image>
    <Image Include="..\..\..\Downloads\assets\craftpix-901180-free-2d-pirate-character-sprites\PNG\2\idle\Pirate_Idle_5.png">
      <Filter>Resource Files</Filter>
    </Image>
    <Image Include="..\..\..\Downloads\assets\craftpix-901180-free-2d-pirate-character-sprites\PNG\2\idle\Pirate_Idle_6.png">
      <Filter>Resource Files</Filter>
    </Image>
    <Image Include="..\..\..\Downloads\assets\craftpix-net-657149-free-elven-land-game-battle-backgrounds\PNG\game_background_1\layers\battleground.png">
      <Filter>Resource Files</Filter>
    </Image>
    <Image Include="..\..\..\Downloads\assets\craftpix-901180-free-2d-pirate-character-sprites\PNG\2\attack\Pirate_Attack_0.png">
      <Filter>Resource Files</Filter>
    </Image>
    <Image Include="..\..\..\Downloads\assets\craftpix-901180-free-2d-pirate-character-sprites\PNG\2\attack\Pirate_Attack_1.png">
      <Filter>Resource Files</Filter>
    </Image>
    <Image Include="..\..\..\Downloads\assets\craftpix-901180-free-2d-pirate-character-sprites\PNG\2\attack\Pirate_Attack_2.png">
      <Filter>Resource Files</Filter>
    </Image>
    <Image Include="..\..\..\Downloads\assets\craftpix-901180-free-2d-pirate-character-sprites\PNG\2\attack\Pirate_Attack_3.png">
      <Filter>Resource Files</Filter>
    </Image>
    <Image Include="..\..\..\Downloads\assets\craftpix-901180-free-2d-pirate-character-sprites\PNG\2\attack\Pirate_Attack_4.png">
      <Filter>Resource Files</Filter>
    </Image>
    <Image Include="..\..\..\Downloads\assets\craftpix-901180-free-2d-pirate-character-sprites\PNG\2\attack\Pirate_Attack_5.png">
      <Filter>Resource Files</Filter>
    </Image>
    <Image Include="..\..\..\Downloads\assets\craftpix-901180-free-2d-pirate-character-sprites\PNG\2\attack\Pirate_Attack_6.png">
      <Filter>Resource Files</Filter>
    </Image>
    <Image Include="..\..\..\Downloads\assets\craftpix-901180-free-2d-pirate-character-sprites\PNG\2\die\Pirate_Die_0.png">
      <Filter>Resource Files</Filter>
    </Image>
    <Image Include="..\..\..\Downloads\assets\craftpix-901180-free-2d-pirate-character-sprites\PNG\2\die\Pirate_Die_1.png">
      <Filter>Resource Files</Filter>
    </Image>
    <Image Include="..\..\..\Downloads\assets\craftpix-901180-free-2d-pirate-character-sprites\PNG\2\die\Pirate_Die_2.png">
      <Filter>Resource Files</Filter>
    </Image>
    <Image Include="..\..\..\Downloads\assets\craftpix-901180-free-2d-pirate-character-sprites\PNG\2\die\Pirate_Die_3.png">
      <Filter>Resource Files</Filter>
    </Image>
    <Image Include="..\..\..\Downloads\assets\craftpix-901180-free-2d-pirate-character-sprites\PNG\2\die\Pirate_Die_4.png">
      <Filter>Resource Files</Filter>
    </Image>
    <Image Include="..\..\..\Downloads\assets\craftpix-901180-free-2d-pirate-character-sprites\PNG\2\die\Pirate_Die_5.png">
      <Filter>Resource Files</Filter>
    </Image>
    <Image Include="..\..\..\Downloads\assets\craftpix-901180-free-2d-pirate-character-sprites\PNG\2\die\Pirate_Die_6.png">
      <Filter>Resource Files</Filter>
    </Image>
    <Image Include="..\..\..\Downloads\assets\craftpix-901180-free-2d-pirate-character-sprites\PNG\2\hurt\Pirtate_Hurt_0.png">
      <Filter>Resource Files</Filter>
    </Image>
    <Image Include="..\..\..\Downloads\assets\craftpix-901180-free-2d-pirate-character-sprites\PNG\2\hurt\Pirtate_Hurt_1.png">
      <Filter>Resource Files</Filter>
    </Image>
    <Image Include="..\..\..\Downloads\assets\craftpix-901180-free-2d-pirate-character-sprites\PNG\2\hurt\Pirtate_Hurt_2.png">
      <Filter>Resource Files</Filter>
    </Image>
    <Image Include="..\..\..\Downloads\assets\craftpix-901180-free-2d-pirate-character-sprites\PNG\2\hurt\Pirtate_Hurt_3.png">
      <Filter>Resource Files</Filter>
    </Image>
    <Image Include="..\..\..\Downloads\assets\craftpix-901180-free-2d-pirate-character-sprites\PNG\2\hurt\Pirtate_Hurt_4.png">
      <Filter>Resource Files</Filter>
    </Image>
    <Image Include="..\..\..\Downloads\assets\craftpix-901180-free-2d-pirate-character-sprites\PNG\2\hurt\Pirtate_Hurt_5.png">
      <Filter>Resource Files</Filter>
    </Image>
    <Image Include="..\..\..\Downloads\assets\craftpix-901180-free-2d-pirate-character-sprites\PNG\2\hurt\Pirtate_Hurt_6.png">
      <Filter>Resource Files</Filter>
    </Image>
    <Image Include="..\..\..\Downloads\shield.png">
      <Filter>Resource Files</Filter>
    </Image>
    <Image Include="..\..\..\Downloads\hpIcon.png">
      <Filter>Resource Files</Filter>
    </Image>
    <Image Include="..\..\..\Downloads\heart.png">
      <Filter>Resource Files</Filter>
    </Image>
    <Image Include="..\..\..\Downloads\heart1.png">
      <Filter>Resource Files</Filter>
    </Image>
    <Image Include="..\..\..\Downloads\heart2.png">
      <Filter>Resource Files</Filter>
    </Image>
    <Image Include="..\..\..\Downloads\armor.png">
      <Filter>Resource Files</Filter>
    </Image>
    <Image Include="..\..\..\Downloads\ammo.png">
      <Filter>Resource Files</Filter>
    </Image>
    <Image Include="..\..\..\Downloads\ammo_pickup.png">
      <Filter>Resource Files</Filter>
    </Image>
    <Image Include="..\..\..\Downloads\hp_pickup.png">
      <Filter>Resource Files</Filter>
    </Image>
  </ItemGroup>
</Project>